// !$*UTF8*$!
{
	archiveVersion = 1;
	classes = {
	};
	objectVersion = 50;
	objects = {

/* Begin PBXBuildFile section */
		1B52FDFA228F26680021D809 /* AddEventViewController.swift in Sources */ = {isa = PBXBuildFile; fileRef = 1B52FDF9228F26680021D809 /* AddEventViewController.swift */; };
		1BF18B2F228BCE3B00D94429 /* AppDelegate.swift in Sources */ = {isa = PBXBuildFile; fileRef = 1BF18B2E228BCE3B00D94429 /* AppDelegate.swift */; };
		1BF18B31228BCE3B00D94429 /* ViewController.swift in Sources */ = {isa = PBXBuildFile; fileRef = 1BF18B30228BCE3B00D94429 /* ViewController.swift */; };
		1BF18B34228BCE3C00D94429 /* Main.storyboard in Resources */ = {isa = PBXBuildFile; fileRef = 1BF18B32228BCE3B00D94429 /* Main.storyboard */; };
		1BF18B36228BCE3E00D94429 /* Assets.xcassets in Resources */ = {isa = PBXBuildFile; fileRef = 1BF18B35228BCE3E00D94429 /* Assets.xcassets */; };
		1BF18B39228BCE3E00D94429 /* LaunchScreen.storyboard in Resources */ = {isa = PBXBuildFile; fileRef = 1BF18B37228BCE3E00D94429 /* LaunchScreen.storyboard */; };
		1BF18B43228BF1E000D94429 /* DailyController.swift in Sources */ = {isa = PBXBuildFile; fileRef = 1BF18B42228BF1E000D94429 /* DailyController.swift */; };
		1BF18BC7228C3C9400D94429 /* WeeklyViewController.swift in Sources */ = {isa = PBXBuildFile; fileRef = 1BF18BC6228C3C9400D94429 /* WeeklyViewController.swift */; };
		1BF18BC9228DA81A00D94429 /* DateCollectionViewCell.swift in Sources */ = {isa = PBXBuildFile; fileRef = 1BF18BC8228DA81A00D94429 /* DateCollectionViewCell.swift */; };
		1BF18BCB228DA97700D94429 /* CalendarValue.swift in Sources */ = {isa = PBXBuildFile; fileRef = 1BF18BCA228DA97700D94429 /* CalendarValue.swift */; };
		3E737CF710EF35C4E68C761A /* Pods_Calender.framework in Frameworks */ = {isa = PBXBuildFile; fileRef = 8532201689A1A888F05DA1B5 /* Pods_Calender.framework */; };
/* End PBXBuildFile section */

/* Begin PBXFileReference section */
		1B52FDF9228F26680021D809 /* AddEventViewController.swift */ = {isa = PBXFileReference; lastKnownFileType = sourcecode.swift; path = AddEventViewController.swift; sourceTree = "<group>"; };
		1BF18B2B228BCE3B00D94429 /* Calender.app */ = {isa = PBXFileReference; explicitFileType = wrapper.application; includeInIndex = 0; path = Calender.app; sourceTree = BUILT_PRODUCTS_DIR; };
		1BF18B2E228BCE3B00D94429 /* AppDelegate.swift */ = {isa = PBXFileReference; lastKnownFileType = sourcecode.swift; path = AppDelegate.swift; sourceTree = "<group>"; };
		1BF18B30228BCE3B00D94429 /* ViewController.swift */ = {isa = PBXFileReference; lastKnownFileType = sourcecode.swift; path = ViewController.swift; sourceTree = "<group>"; };
		1BF18B33228BCE3B00D94429 /* Base */ = {isa = PBXFileReference; lastKnownFileType = file.storyboard; name = Base; path = Base.lproj/Main.storyboard; sourceTree = "<group>"; };
		1BF18B35228BCE3E00D94429 /* Assets.xcassets */ = {isa = PBXFileReference; lastKnownFileType = folder.assetcatalog; path = Assets.xcassets; sourceTree = "<group>"; };
		1BF18B38228BCE3E00D94429 /* Base */ = {isa = PBXFileReference; lastKnownFileType = file.storyboard; name = Base; path = Base.lproj/LaunchScreen.storyboard; sourceTree = "<group>"; };
		1BF18B3A228BCE3E00D94429 /* Info.plist */ = {isa = PBXFileReference; lastKnownFileType = text.plist.xml; path = Info.plist; sourceTree = "<group>"; };
		1BF18B42228BF1E000D94429 /* DailyController.swift */ = {isa = PBXFileReference; lastKnownFileType = sourcecode.swift; path = DailyController.swift; sourceTree = "<group>"; };
		1BF18BC6228C3C9400D94429 /* WeeklyViewController.swift */ = {isa = PBXFileReference; lastKnownFileType = sourcecode.swift; path = WeeklyViewController.swift; sourceTree = "<group>"; };
		1BF18BC8228DA81A00D94429 /* DateCollectionViewCell.swift */ = {isa = PBXFileReference; lastKnownFileType = sourcecode.swift; path = DateCollectionViewCell.swift; sourceTree = "<group>"; };
		1BF18BCA228DA97700D94429 /* CalendarValue.swift */ = {isa = PBXFileReference; lastKnownFileType = sourcecode.swift; path = CalendarValue.swift; sourceTree = "<group>"; };
		4748AD22A0C018F6EF6FF7C6 /* Pods-Calender.release.xcconfig */ = {isa = PBXFileReference; includeInIndex = 1; lastKnownFileType = text.xcconfig; name = "Pods-Calender.release.xcconfig"; path = "Target Support Files/Pods-Calender/Pods-Calender.release.xcconfig"; sourceTree = "<group>"; };
		8532201689A1A888F05DA1B5 /* Pods_Calender.framework */ = {isa = PBXFileReference; explicitFileType = wrapper.framework; includeInIndex = 0; path = Pods_Calender.framework; sourceTree = BUILT_PRODUCTS_DIR; };
		B6896A64AB7DEC3024DA682A /* Pods-Calender.debug.xcconfig */ = {isa = PBXFileReference; includeInIndex = 1; lastKnownFileType = text.xcconfig; name = "Pods-Calender.debug.xcconfig"; path = "Target Support Files/Pods-Calender/Pods-Calender.debug.xcconfig"; sourceTree = "<group>"; };
/* End PBXFileReference section */

/* Begin PBXFrameworksBuildPhase section */
		1BF18B28228BCE3B00D94429 /* Frameworks */ = {
			isa = PBXFrameworksBuildPhase;
			buildActionMask = 2147483647;
			files = (
				3E737CF710EF35C4E68C761A /* Pods_Calender.framework in Frameworks */,
			);
			runOnlyForDeploymentPostprocessing = 0;
		};
/* End PBXFrameworksBuildPhase section */

/* Begin PBXGroup section */
		188CA83444ACBF51F92B5DDB /* Frameworks */ = {
			isa = PBXGroup;
			children = (
				8532201689A1A888F05DA1B5 /* Pods_Calender.framework */,
			);
			name = Frameworks;
			sourceTree = "<group>";
		};
		1BF18B22228BCE3B00D94429 = {
			isa = PBXGroup;
			children = (
				1BF18B2D228BCE3B00D94429 /* Calender */,
				1BF18B2C228BCE3B00D94429 /* Products */,
				C2ADE0ECDC020098A5BBA58C /* Pods */,
				188CA83444ACBF51F92B5DDB /* Frameworks */,
			);
			sourceTree = "<group>";
		};
		1BF18B2C228BCE3B00D94429 /* Products */ = {
			isa = PBXGroup;
			children = (
				1BF18B2B228BCE3B00D94429 /* Calender.app */,
			);
			name = Products;
			sourceTree = "<group>";
		};
		1BF18B2D228BCE3B00D94429 /* Calender */ = {
			isa = PBXGroup;
			children = (
				1BF18B2E228BCE3B00D94429 /* AppDelegate.swift */,
				1BF18B30228BCE3B00D94429 /* ViewController.swift */,
				1BF18BCA228DA97700D94429 /* CalendarValue.swift */,
				1BF18BC6228C3C9400D94429 /* WeeklyViewController.swift */,
				1BF18B42228BF1E000D94429 /* DailyController.swift */,
				1BF18B32228BCE3B00D94429 /* Main.storyboard */,
				1B52FDF9228F26680021D809 /* AddEventViewController.swift */,
				1BF18BC8228DA81A00D94429 /* DateCollectionViewCell.swift */,
				1BF18B35228BCE3E00D94429 /* Assets.xcassets */,
				1BF18B37228BCE3E00D94429 /* LaunchScreen.storyboard */,
				1BF18B3A228BCE3E00D94429 /* Info.plist */,
			);
			path = Calender;
			sourceTree = "<group>";
		};
		C2ADE0ECDC020098A5BBA58C /* Pods */ = {
			isa = PBXGroup;
			children = (
				B6896A64AB7DEC3024DA682A /* Pods-Calender.debug.xcconfig */,
				4748AD22A0C018F6EF6FF7C6 /* Pods-Calender.release.xcconfig */,
			);
			path = Pods;
			sourceTree = "<group>";
		};
/* End PBXGroup section */

/* Begin PBXNativeTarget section */
		1BF18B2A228BCE3B00D94429 /* Calender */ = {
			isa = PBXNativeTarget;
			buildConfigurationList = 1BF18B3D228BCE3E00D94429 /* Build configuration list for PBXNativeTarget "Calender" */;
			buildPhases = (
				AB22B6616CD4083E49DD6E94 /* [CP] Check Pods Manifest.lock */,
				1BF18B27228BCE3B00D94429 /* Sources */,
				1BF18B28228BCE3B00D94429 /* Frameworks */,
				1BF18B29228BCE3B00D94429 /* Resources */,
				0C9367EE8BEF69E713DA6AC9 /* [CP] Embed Pods Frameworks */,
			);
			buildRules = (
			);
			dependencies = (
			);
			name = Calender;
			productName = Calender;
			productReference = 1BF18B2B228BCE3B00D94429 /* Calender.app */;
			productType = "com.apple.product-type.application";
		};
/* End PBXNativeTarget section */

/* Begin PBXProject section */
		1BF18B23228BCE3B00D94429 /* Project object */ = {
			isa = PBXProject;
			attributes = {
				LastSwiftUpdateCheck = 1020;
				LastUpgradeCheck = 1020;
				ORGANIZATIONNAME = ns;
				TargetAttributes = {
					1BF18B2A228BCE3B00D94429 = {
						CreatedOnToolsVersion = 10.2.1;
					};
				};
			};
			buildConfigurationList = 1BF18B26228BCE3B00D94429 /* Build configuration list for PBXProject "Calender" */;
			compatibilityVersion = "Xcode 9.3";
			developmentRegion = en;
			hasScannedForEncodings = 0;
			knownRegions = (
				en,
				Base,
			);
			mainGroup = 1BF18B22228BCE3B00D94429;
			productRefGroup = 1BF18B2C228BCE3B00D94429 /* Products */;
			projectDirPath = "";
			projectRoot = "";
			targets = (
				1BF18B2A228BCE3B00D94429 /* Calender */,
			);
		};
/* End PBXProject section */

/* Begin PBXResourcesBuildPhase section */
		1BF18B29228BCE3B00D94429 /* Resources */ = {
			isa = PBXResourcesBuildPhase;
			buildActionMask = 2147483647;
			files = (
				1BF18B39228BCE3E00D94429 /* LaunchScreen.storyboard in Resources */,
				1BF18B36228BCE3E00D94429 /* Assets.xcassets in Resources */,
				1BF18B34228BCE3C00D94429 /* Main.storyboard in Resources */,
			);
			runOnlyForDeploymentPostprocessing = 0;
		};
/* End PBXResourcesBuildPhase section */

/* Begin PBXShellScriptBuildPhase section */
		0C9367EE8BEF69E713DA6AC9 /* [CP] Embed Pods Frameworks */ = {
			isa = PBXShellScriptBuildPhase;
			buildActionMask = 2147483647;
			files = (
			);
			inputFileListPaths = (
			);
			inputPaths = (
				"${PODS_ROOT}/Target Support Files/Pods-Calender/Pods-Calender-frameworks.sh",
				"${BUILT_PRODUCTS_DIR}/FMDB/FMDB.framework",
			);
			name = "[CP] Embed Pods Frameworks";
			outputFileListPaths = (
			);
			outputPaths = (
				"${TARGET_BUILD_DIR}/${FRAMEWORKS_FOLDER_PATH}/FMDB.framework",
			);
			runOnlyForDeploymentPostprocessing = 0;
			shellPath = /bin/sh;
			shellScript = "\"${PODS_ROOT}/Target Support Files/Pods-Calender/Pods-Calender-frameworks.sh\"\n";
			showEnvVarsInLog = 0;
		};
		AB22B6616CD4083E49DD6E94 /* [CP] Check Pods Manifest.lock */ = {
			isa = PBXShellScriptBuildPhase;
			buildActionMask = 2147483647;
			files = (
			);
			inputFileListPaths = (
			);
			inputPaths = (
				"${PODS_PODFILE_DIR_PATH}/Podfile.lock",
				"${PODS_ROOT}/Manifest.lock",
			);
			name = "[CP] Check Pods Manifest.lock";
			outputFileListPaths = (
			);
			outputPaths = (
				"$(DERIVED_FILE_DIR)/Pods-Calender-checkManifestLockResult.txt",
			);
			runOnlyForDeploymentPostprocessing = 0;
			shellPath = /bin/sh;
			shellScript = "diff \"${PODS_PODFILE_DIR_PATH}/Podfile.lock\" \"${PODS_ROOT}/Manifest.lock\" > /dev/null\nif [ $? != 0 ] ; then\n    # print error to STDERR\n    echo \"error: The sandbox is not in sync with the Podfile.lock. Run 'pod install' or update your CocoaPods installation.\" >&2\n    exit 1\nfi\n# This output is used by Xcode 'outputs' to avoid re-running this script phase.\necho \"SUCCESS\" > \"${SCRIPT_OUTPUT_FILE_0}\"\n";
			showEnvVarsInLog = 0;
		};
/* End PBXShellScriptBuildPhase section */

/* Begin PBXSourcesBuildPhase section */
		1BF18B27228BCE3B00D94429 /* Sources */ = {
			isa = PBXSourcesBuildPhase;
			buildActionMask = 2147483647;
			files = (
				1BF18B31228BCE3B00D94429 /* ViewController.swift in Sources */,
				1BF18BC7228C3C9400D94429 /* WeeklyViewController.swift in Sources */,
				1BF18B2F228BCE3B00D94429 /* AppDelegate.swift in Sources */,
				1BF18BCB228DA97700D94429 /* CalendarValue.swift in Sources */,
				1B52FDFA228F26680021D809 /* AddEventViewController.swift in Sources */,
				1BF18B43228BF1E000D94429 /* DailyController.swift in Sources */,
				1BF18BC9228DA81A00D94429 /* DateCollectionViewCell.swift in Sources */,
			);
			runOnlyForDeploymentPostprocessing = 0;
		};
/* End PBXSourcesBuildPhase section */

/* Begin PBXVariantGroup section */
		1BF18B32228BCE3B00D94429 /* Main.storyboard */ = {
			isa = PBXVariantGroup;
			children = (
				1BF18B33228BCE3B00D94429 /* Base */,
			);
			name = Main.storyboard;
			sourceTree = "<group>";
		};
		1BF18B37228BCE3E00D94429 /* LaunchScreen.storyboard */ = {
			isa = PBXVariantGroup;
			children = (
				1BF18B38228BCE3E00D94429 /* Base */,
			);
			name = LaunchScreen.storyboard;
			sourceTree = "<group>";
		};
/* End PBXVariantGroup section */

/* Begin XCBuildConfiguration section */
		1BF18B3B228BCE3E00D94429 /* Debug */ = {
			isa = XCBuildConfiguration;
			buildSettings = {
				ALWAYS_SEARCH_USER_PATHS = NO;
				CLANG_ANALYZER_NONNULL = YES;
				CLANG_ANALYZER_NUMBER_OBJECT_CONVERSION = YES_AGGRESSIVE;
				CLANG_CXX_LANGUAGE_STANDARD = "gnu++14";
				CLANG_CXX_LIBRARY = "libc++";
				CLANG_ENABLE_MODULES = YES;
				CLANG_ENABLE_OBJC_ARC = YES;
				CLANG_ENABLE_OBJC_WEAK = YES;
				CLANG_WARN_BLOCK_CAPTURE_AUTORELEASING = YES;
				CLANG_WARN_BOOL_CONVERSION = YES;
				CLANG_WARN_COMMA = YES;
				CLANG_WARN_CONSTANT_CONVERSION = YES;
				CLANG_WARN_DEPRECATED_OBJC_IMPLEMENTATIONS = YES;
				CLANG_WARN_DIRECT_OBJC_ISA_USAGE = YES_ERROR;
				CLANG_WARN_DOCUMENTATION_COMMENTS = YES;
				CLANG_WARN_EMPTY_BODY = YES;
				CLANG_WARN_ENUM_CONVERSION = YES;
				CLANG_WARN_INFINITE_RECURSION = YES;
				CLANG_WARN_INT_CONVERSION = YES;
				CLANG_WARN_NON_LITERAL_NULL_CONVERSION = YES;
				CLANG_WARN_OBJC_IMPLICIT_RETAIN_SELF = YES;
				CLANG_WARN_OBJC_LITERAL_CONVERSION = YES;
				CLANG_WARN_OBJC_ROOT_CLASS = YES_ERROR;
				CLANG_WARN_RANGE_LOOP_ANALYSIS = YES;
				CLANG_WARN_STRICT_PROTOTYPES = YES;
				CLANG_WARN_SUSPICIOUS_MOVE = YES;
				CLANG_WARN_UNGUARDED_AVAILABILITY = YES_AGGRESSIVE;
				CLANG_WARN_UNREACHABLE_CODE = YES;
				CLANG_WARN__DUPLICATE_METHOD_MATCH = YES;
				CODE_SIGN_IDENTITY = "iPhone Developer";
				COPY_PHASE_STRIP = NO;
				DEBUG_INFORMATION_FORMAT = dwarf;
				ENABLE_STRICT_OBJC_MSGSEND = YES;
				ENABLE_TESTABILITY = YES;
				GCC_C_LANGUAGE_STANDARD = gnu11;
				GCC_DYNAMIC_NO_PIC = NO;
				GCC_NO_COMMON_BLOCKS = YES;
				GCC_OPTIMIZATION_LEVEL = 0;
				GCC_PREPROCESSOR_DEFINITIONS = (
					"DEBUG=1",
					"$(inherited)",
				);
				GCC_WARN_64_TO_32_BIT_CONVERSION = YES;
				GCC_WARN_ABOUT_RETURN_TYPE = YES_ERROR;
				GCC_WARN_UNDECLARED_SELECTOR = YES;
				GCC_WARN_UNINITIALIZED_AUTOS = YES_AGGRESSIVE;
				GCC_WARN_UNUSED_FUNCTION = YES;
				GCC_WARN_UNUSED_VARIABLE = YES;
				IPHONEOS_DEPLOYMENT_TARGET = 12.2;
				MTL_ENABLE_DEBUG_INFO = INCLUDE_SOURCE;
				MTL_FAST_MATH = YES;
				ONLY_ACTIVE_ARCH = YES;
				SDKROOT = iphoneos;
				SWIFT_ACTIVE_COMPILATION_CONDITIONS = DEBUG;
				SWIFT_OPTIMIZATION_LEVEL = "-Onone";
			};
			name = Debug;
		};
		1BF18B3C228BCE3E00D94429 /* Release */ = {
			isa = XCBuildConfiguration;
			buildSettings = {
				ALWAYS_SEARCH_USER_PATHS = NO;
				CLANG_ANALYZER_NONNULL = YES;
				CLANG_ANALYZER_NUMBER_OBJECT_CONVERSION = YES_AGGRESSIVE;
				CLANG_CXX_LANGUAGE_STANDARD = "gnu++14";
				CLANG_CXX_LIBRARY = "libc++";
				CLANG_ENABLE_MODULES = YES;
				CLANG_ENABLE_OBJC_ARC = YES;
				CLANG_ENABLE_OBJC_WEAK = YES;
				CLANG_WARN_BLOCK_CAPTURE_AUTORELEASING = YES;
				CLANG_WARN_BOOL_CONVERSION = YES;
				CLANG_WARN_COMMA = YES;
				CLANG_WARN_CONSTANT_CONVERSION = YES;
				CLANG_WARN_DEPRECATED_OBJC_IMPLEMENTATIONS = YES;
				CLANG_WARN_DIRECT_OBJC_ISA_USAGE = YES_ERROR;
				CLANG_WARN_DOCUMENTATION_COMMENTS = YES;
				CLANG_WARN_EMPTY_BODY = YES;
				CLANG_WARN_ENUM_CONVERSION = YES;
				CLANG_WARN_INFINITE_RECURSION = YES;
				CLANG_WARN_INT_CONVERSION = YES;
				CLANG_WARN_NON_LITERAL_NULL_CONVERSION = YES;
				CLANG_WARN_OBJC_IMPLICIT_RETAIN_SELF = YES;
				CLANG_WARN_OBJC_LITERAL_CONVERSION = YES;
				CLANG_WARN_OBJC_ROOT_CLASS = YES_ERROR;
				CLANG_WARN_RANGE_LOOP_ANALYSIS = YES;
				CLANG_WARN_STRICT_PROTOTYPES = YES;
				CLANG_WARN_SUSPICIOUS_MOVE = YES;
				CLANG_WARN_UNGUARDED_AVAILABILITY = YES_AGGRESSIVE;
				CLANG_WARN_UNREACHABLE_CODE = YES;
				CLANG_WARN__DUPLICATE_METHOD_MATCH = YES;
				CODE_SIGN_IDENTITY = "iPhone Developer";
				COPY_PHASE_STRIP = NO;
				DEBUG_INFORMATION_FORMAT = "dwarf-with-dsym";
				ENABLE_NS_ASSERTIONS = NO;
				ENABLE_STRICT_OBJC_MSGSEND = YES;
				GCC_C_LANGUAGE_STANDARD = gnu11;
				GCC_NO_COMMON_BLOCKS = YES;
				GCC_WARN_64_TO_32_BIT_CONVERSION = YES;
				GCC_WARN_ABOUT_RETURN_TYPE = YES_ERROR;
				GCC_WARN_UNDECLARED_SELECTOR = YES;
				GCC_WARN_UNINITIALIZED_AUTOS = YES_AGGRESSIVE;
				GCC_WARN_UNUSED_FUNCTION = YES;
				GCC_WARN_UNUSED_VARIABLE = YES;
				IPHONEOS_DEPLOYMENT_TARGET = 12.2;
				MTL_ENABLE_DEBUG_INFO = NO;
				MTL_FAST_MATH = YES;
				SDKROOT = iphoneos;
				SWIFT_COMPILATION_MODE = wholemodule;
				SWIFT_OPTIMIZATION_LEVEL = "-O";
				VALIDATE_PRODUCT = YES;
			};
			name = Release;
		};
		1BF18B3E228BCE3E00D94429 /* Debug */ = {
			isa = XCBuildConfiguration;
			baseConfigurationReference = B6896A64AB7DEC3024DA682A /* Pods-Calender.debug.xcconfig */;
			buildSettings = {
				ASSETCATALOG_COMPILER_APPICON_NAME = AppIcon;
				CODE_SIGN_STYLE = Automatic;
				DEVELOPMENT_TEAM = 7Z2CV7TB8R;
				INFOPLIST_FILE = Calender/Info.plist;
				LD_RUNPATH_SEARCH_PATHS = (
					"$(inherited)",
					"@executable_path/Frameworks",
				);
				PRODUCT_BUNDLE_IDENTIFIER = ns.Calender;
				PRODUCT_NAME = "$(TARGET_NAME)";
				SWIFT_VERSION = 5.0;
				TARGETED_DEVICE_FAMILY = "1,2";
			};
			name = Debug;
		};
		1BF18B3F228BCE3E00D94429 /* Release */ = {
			isa = XCBuildConfiguration;
			baseConfigurationReference = 4748AD22A0C018F6EF6FF7C6 /* Pods-Calender.release.xcconfig */;
			buildSettings = {
				ASSETCATALOG_COMPILER_APPICON_NAME = AppIcon;
				CODE_SIGN_STYLE = Automatic;
				DEVELOPMENT_TEAM = 7Z2CV7TB8R;
				INFOPLIST_FILE = Calender/Info.plist;
				LD_RUNPATH_SEARCH_PATHS = (
					"$(inherited)",
					"@executable_path/Frameworks",
				);
				PRODUCT_BUNDLE_IDENTIFIER = ns.Calender;
				PRODUCT_NAME = "$(TARGET_NAME)";
				SWIFT_VERSION = 5.0;
				TARGETED_DEVICE_FAMILY = "1,2";
			};
			name = Release;
		};
/* End XCBuildConfiguration section */

/* Begin XCConfigurationList section */
		1BF18B26228BCE3B00D94429 /* Build configuration list for PBXProject "Calender" */ = {
			isa = XCConfigurationList;
			buildConfigurations = (
				1BF18B3B228BCE3E00D94429 /* Debug */,
				1BF18B3C228BCE3E00D94429 /* Release */,
			);
			defaultConfigurationIsVisible = 0;
			defaultConfigurationName = Release;
		};
		1BF18B3D228BCE3E00D94429 /* Build configuration list for PBXNativeTarget "Calender" */ = {
			isa = XCConfigurationList;
			buildConfigurations = (
				1BF18B3E228BCE3E00D94429 /* Debug */,
				1BF18B3F228BCE3E00D94429 /* Release */,
			);
			defaultConfigurationIsVisible = 0;
			defaultConfigurationName = Release;
		};
/* End XCConfigurationList section */
	};
	rootObject = 1BF18B23228BCE3B00D94429 /* Project object */;
}
